Microsoft Visual Studio Solution File, Format Version 12.00
# Visual Studio Version 17
VisualStudioVersion = 17.5.2.0
MinimumVisualStudioVersion = 10.0.40219.1
Project("{FAE04EC0-301F-11D3-BF4B-00C04F79EFBC}") = "AirSensorAi", "AirSensorAi.csproj", "{F3F1B2A7-8FFD-3543-7CC7-705D219DF432}"
EndProject
Global
	GlobalSection(SolutionConfigurationPlatforms) = preSolution
		Debug|Any CPU = Debug|Any CPU
		Release|Any CPU = Release|Any CPU
	EndGlobalSection
	GlobalSection(ProjectConfigurationPlatforms) = postSolution
		{F3F1B2A7-8FFD-3543-7CC7-705D219DF432}.Debug|Any CPU.ActiveCfg = Debug|Any CPU
		{F3F1B2A7-8FFD-3543-7CC7-705D219DF432}.Debug|Any CPU.Build.0 = Debug|Any CPU
		{F3F1B2A7-8FFD-3543-7CC7-705D219DF432}.Release|Any CPU.ActiveCfg = Release|Any CPU
		{F3F1B2A7-8FFD-3543-7CC7-705D219DF432}.Release|Any CPU.Build.0 = Release|Any CPU
	EndGlobalSection
	GlobalSection(SolutionProperties) = preSolution
		HideSolutionNode = FALSE
	EndGlobalSection
	GlobalSection(ExtensibilityGlobals) = postSolution
		SolutionGuid = {4B9B8AEC-246D-45E5-BCFB-3A88846FA868}
	EndGlobalSection
EndGlobal
